
Microsoft Visual Studio Solution File, Format Version 12.00
# Visual Studio Version 16
VisualStudioVersion = 16.0.31702.278
MinimumVisualStudioVersion = 10.0.40219.1
Project("{2150E333-8FDC-42A3-9474-1A3956D46DE8}") = "ImportSchema", "ImportSchema", "{A653FCC4-4933-47AD-8BE1-6AB9841AC7DD}"
EndProject
Project("{FAE04EC0-301F-11D3-BF4B-00C04F79EFBC}") = "SimpleConsole", "SimpleConsole\SimpleConsole.csproj", "{44261868-50BD-4BD2-AB3D-68644B275B18}"
EndProject
Global
	GlobalSection(SolutionConfigurationPlatforms) = preSolution
		Debug|Any CPU = Debug|Any CPU
		Release|Any CPU = Release|Any CPU
	EndGlobalSection
	GlobalSection(ProjectConfigurationPlatforms) = postSolution
		{44261868-50BD-4BD2-AB3D-68644B275B18}.Debug|Any CPU.ActiveCfg = Debug|Any CPU
		{44261868-50BD-4BD2-AB3D-68644B275B18}.Debug|Any CPU.Build.0 = Debug|Any CPU
		{44261868-50BD-4BD2-AB3D-68644B275B18}.Release|Any CPU.ActiveCfg = Release|Any CPU
		{44261868-50BD-4BD2-AB3D-68644B275B18}.Release|Any CPU.Build.0 = Release|Any CPU
	EndGlobalSection
	GlobalSection(SolutionProperties) = preSolution
		HideSolutionNode = FALSE
	EndGlobalSection
	GlobalSection(ExtensibilityGlobals) = postSolution
		SolutionGuid = {9E73D03A-F628-4871-8AD4-C4564ACD8DB3}
	EndGlobalSection
EndGlobal
