
Microsoft Visual Studio Solution File, Format Version 12.00
# Visual Studio Version 17
VisualStudioVersion = 17.0.31717.71
MinimumVisualStudioVersion = 10.0.40219.1
Project("{2150E333-8FDC-42A3-9474-1A3956D46DE8}") = "ImportSchema", "ImportSchema", "{A653FCC4-4933-47AD-8BE1-6AB9841AC7DD}"
EndProject
Project("{9A19103F-16F7-4668-BE54-9A1E7A4F7556}") = "SimpleConsole", "SimpleConsole\SimpleConsole.csproj", "{44261868-50BD-4BD2-AB3D-68644B275B18}"
EndProject
Project("{00D1A9C2-B5F0-4AF3-8072-F6C62B433612}") = "Northwind-Import", "Northwind-Import\Northwind-Import.sqlproj", "{A0F797E5-9067-444A-B838-CD84CF05798C}"
EndProject
Project("{00D1A9C2-B5F0-4AF3-8072-F6C62B433612}") = "Northwind-FromDacPac", "Northwind-FromDacPac\Northwind-FromDacPac.sqlproj", "{0BB5F292-BDCD-47E7-B933-BA217ACE2258}"
EndProject
Global
	GlobalSection(SolutionConfigurationPlatforms) = preSolution
		Debug|Any CPU = Debug|Any CPU
		Release|Any CPU = Release|Any CPU
	EndGlobalSection
	GlobalSection(ProjectConfigurationPlatforms) = postSolution
		{44261868-50BD-4BD2-AB3D-68644B275B18}.Debug|Any CPU.ActiveCfg = Debug|Any CPU
		{44261868-50BD-4BD2-AB3D-68644B275B18}.Debug|Any CPU.Build.0 = Debug|Any CPU
		{44261868-50BD-4BD2-AB3D-68644B275B18}.Release|Any CPU.ActiveCfg = Release|Any CPU
		{44261868-50BD-4BD2-AB3D-68644B275B18}.Release|Any CPU.Build.0 = Release|Any CPU
		{A0F797E5-9067-444A-B838-CD84CF05798C}.Debug|Any CPU.ActiveCfg = Debug|Any CPU
		{A0F797E5-9067-444A-B838-CD84CF05798C}.Debug|Any CPU.Build.0 = Debug|Any CPU
		{A0F797E5-9067-444A-B838-CD84CF05798C}.Debug|Any CPU.Deploy.0 = Debug|Any CPU
		{A0F797E5-9067-444A-B838-CD84CF05798C}.Release|Any CPU.ActiveCfg = Release|Any CPU
		{A0F797E5-9067-444A-B838-CD84CF05798C}.Release|Any CPU.Build.0 = Release|Any CPU
		{A0F797E5-9067-444A-B838-CD84CF05798C}.Release|Any CPU.Deploy.0 = Release|Any CPU
		{0BB5F292-BDCD-47E7-B933-BA217ACE2258}.Debug|Any CPU.ActiveCfg = Debug|Any CPU
		{0BB5F292-BDCD-47E7-B933-BA217ACE2258}.Debug|Any CPU.Build.0 = Debug|Any CPU
		{0BB5F292-BDCD-47E7-B933-BA217ACE2258}.Debug|Any CPU.Deploy.0 = Debug|Any CPU
		{0BB5F292-BDCD-47E7-B933-BA217ACE2258}.Release|Any CPU.ActiveCfg = Release|Any CPU
		{0BB5F292-BDCD-47E7-B933-BA217ACE2258}.Release|Any CPU.Build.0 = Release|Any CPU
		{0BB5F292-BDCD-47E7-B933-BA217ACE2258}.Release|Any CPU.Deploy.0 = Release|Any CPU
	EndGlobalSection
	GlobalSection(SolutionProperties) = preSolution
		HideSolutionNode = FALSE
	EndGlobalSection
	GlobalSection(ExtensibilityGlobals) = postSolution
		SolutionGuid = {9E73D03A-F628-4871-8AD4-C4564ACD8DB3}
	EndGlobalSection
EndGlobal
